
Microsoft Visual Studio Solution File, Format Version 12.00
# Visual Studio Version 17
VisualStudioVersion = 17.2.32630.192
MinimumVisualStudioVersion = 10.0.40219.1
Project("{FAE04EC0-301F-11D3-BF4B-00C04F79EFBC}") = "WebSocketServer_CSharp", "WebSocketServer_CSharp.csproj", "{AE882673-D468-4DCA-B0BC-CDF06AC95FFF}"
EndProject
Global
	GlobalSection(SolutionConfigurationPlatforms) = preSolution
		Debug|Any CPU = Debug|Any CPU
		Release|Any CPU = Release|Any CPU
	EndGlobalSection
	GlobalSection(ProjectConfigurationPlatforms) = postSolution
		{AE882673-D468-4DCA-B0BC-CDF06AC95FFF}.Debug|Any CPU.ActiveCfg = Debug|Any CPU
		{AE882673-D468-4DCA-B0BC-CDF06AC95FFF}.Debug|Any CPU.Build.0 = Debug|Any CPU
		{AE882673-D468-4DCA-B0BC-CDF06AC95FFF}.Release|Any CPU.ActiveCfg = Release|Any CPU
		{AE882673-D468-4DCA-B0BC-CDF06AC95FFF}.Release|Any CPU.Build.0 = Release|Any CPU
	EndGlobalSection
	GlobalSection(SolutionProperties) = preSolution
		HideSolutionNode = FALSE
	EndGlobalSection
	GlobalSection(ExtensibilityGlobals) = postSolution
		SolutionGuid = {1F6A57EA-D34A-4805-B203-F1896AB14A15}
	EndGlobalSection
EndGlobal
